
Microsoft Visual Studio Solution File, Format Version 12.00
# Visual Studio Version 16
VisualStudioVersion = 16.0.32630.194
MinimumVisualStudioVersion = 10.0.40219.1
Project("{FAE04EC0-301F-11D3-BF4B-00C04F79EFBC}") = "pdfTrial", "pdfTrial\pdfTrial.csproj", "{AF20F500-F27E-47DD-9163-542FD22AB196}"
EndProject
Global
	GlobalSection(SolutionConfigurationPlatforms) = preSolution
		Debug|Any CPU = Debug|Any CPU
		Release|Any CPU = Release|Any CPU
	EndGlobalSection
	GlobalSection(ProjectConfigurationPlatforms) = postSolution
		{AF20F500-F27E-47DD-9163-542FD22AB196}.Debug|Any CPU.ActiveCfg = Debug|Any CPU
		{AF20F500-F27E-47DD-9163-542FD22AB196}.Debug|Any CPU.Build.0 = Debug|Any CPU
		{AF20F500-F27E-47DD-9163-542FD22AB196}.Release|Any CPU.ActiveCfg = Release|Any CPU
		{AF20F500-F27E-47DD-9163-542FD22AB196}.Release|Any CPU.Build.0 = Release|Any CPU
	EndGlobalSection
	GlobalSection(SolutionProperties) = preSolution
		HideSolutionNode = FALSE
	EndGlobalSection
	GlobalSection(ExtensibilityGlobals) = postSolution
		SolutionGuid = {8DD6CF27-D28E-4A12-8094-E20487BA5FB4}
	EndGlobalSection
EndGlobal
